// !$*UTF8*$!
{
	archiveVersion = 1;
	classes = {
	};
	objectVersion = 56;
	objects = {

/* Begin PBXBuildFile section */
		9ECE4C472B2813F10048B4EE /* ScrumdingerApp.swift in Sources */ = {isa = PBXBuildFile; fileRef = 9ECE4C462B2813F10048B4EE /* ScrumdingerApp.swift */; };
		9ECE4C492B2813F10048B4EE /* MeetingView.swift in Sources */ = {isa = PBXBuildFile; fileRef = 9ECE4C482B2813F10048B4EE /* MeetingView.swift */; };
		9ECE4C4B2B2813F20048B4EE /* Assets.xcassets in Resources */ = {isa = PBXBuildFile; fileRef = 9ECE4C4A2B2813F20048B4EE /* Assets.xcassets */; };
		9ECE4C4E2B2813F20048B4EE /* Preview Assets.xcassets in Resources */ = {isa = PBXBuildFile; fileRef = 9ECE4C4D2B2813F20048B4EE /* Preview Assets.xcassets */; };
		9ECE4C562B29126E0048B4EE /* Theme.swift in Sources */ = {isa = PBXBuildFile; fileRef = 9ECE4C552B29126E0048B4EE /* Theme.swift */; };
		9ECE4C582B29178C0048B4EE /* DailyScrum.swift in Sources */ = {isa = PBXBuildFile; fileRef = 9ECE4C572B29178C0048B4EE /* DailyScrum.swift */; };
		9ECE4C5A2B2918740048B4EE /* CardView.swift in Sources */ = {isa = PBXBuildFile; fileRef = 9ECE4C592B2918740048B4EE /* CardView.swift */; };
		9ECE4C5C2B29341A0048B4EE /* TrailingIconLabelStyle.swift in Sources */ = {isa = PBXBuildFile; fileRef = 9ECE4C5B2B29341A0048B4EE /* TrailingIconLabelStyle.swift */; };
		9ECE4C5F2B2935890048B4EE /* ScrumsView.swift in Sources */ = {isa = PBXBuildFile; fileRef = 9ECE4C5E2B2935890048B4EE /* ScrumsView.swift */; };
		9ECE4C612B2938D20048B4EE /* DetailView.swift in Sources */ = {isa = PBXBuildFile; fileRef = 9ECE4C602B2938D20048B4EE /* DetailView.swift */; };
		9ECE4C642B293F270048B4EE /* DetailEditView.swift in Sources */ = {isa = PBXBuildFile; fileRef = 9ECE4C632B293F270048B4EE /* DetailEditView.swift */; };
		9ECE4C662B2946530048B4EE /* ReadMe.md in Resources */ = {isa = PBXBuildFile; fileRef = 9ECE4C652B2946530048B4EE /* ReadMe.md */; };
		9ECE4C682B2946DA0048B4EE /* ThemeView.swift in Sources */ = {isa = PBXBuildFile; fileRef = 9ECE4C672B2946DA0048B4EE /* ThemeView.swift */; };
		9ECE4C6A2B29477C0048B4EE /* ThemePicker.swift in Sources */ = {isa = PBXBuildFile; fileRef = 9ECE4C692B29477C0048B4EE /* ThemePicker.swift */; };
		9ECE4C6C2B2B84040048B4EE /* MeetingHeaderView.swift in Sources */ = {isa = PBXBuildFile; fileRef = 9ECE4C6B2B2B84040048B4EE /* MeetingHeaderView.swift */; };
		9ECE4C6E2B2B85B20048B4EE /* ScrumProgressViewStyle.swift in Sources */ = {isa = PBXBuildFile; fileRef = 9ECE4C6D2B2B85B20048B4EE /* ScrumProgressViewStyle.swift */; };
		9ECE4C702B2B86B20048B4EE /* ScrumTimer.swift in Sources */ = {isa = PBXBuildFile; fileRef = 9ECE4C6F2B2B86B20048B4EE /* ScrumTimer.swift */; };
		9ECE4C722B2B8CDB0048B4EE /* MeetingFooterView.swift in Sources */ = {isa = PBXBuildFile; fileRef = 9ECE4C712B2B8CDB0048B4EE /* MeetingFooterView.swift */; };
		9ECE4C742B2B8EE60048B4EE /* AVPlayer+Ding.swift in Sources */ = {isa = PBXBuildFile; fileRef = 9ECE4C732B2B8EE60048B4EE /* AVPlayer+Ding.swift */; };
		9ECE4C762B2B95FF0048B4EE /* NewScrumSheet.swift in Sources */ = {isa = PBXBuildFile; fileRef = 9ECE4C752B2B95FF0048B4EE /* NewScrumSheet.swift */; };
		9ECE4C792B2B97B60048B4EE /* History.swift in Sources */ = {isa = PBXBuildFile; fileRef = 9ECE4C782B2B97B60048B4EE /* History.swift */; };
		9ECE4C7D2B2BA85D0048B4EE /* ScrumStore.swift in Sources */ = {isa = PBXBuildFile; fileRef = 9ECE4C7C2B2BA85D0048B4EE /* ScrumStore.swift */; };
		9ECE4C7F2B2BB0D80048B4EE /* ErrorWrapper.swift in Sources */ = {isa = PBXBuildFile; fileRef = 9ECE4C7E2B2BB0D80048B4EE /* ErrorWrapper.swift */; };
		9ECE4C812B2BB1090048B4EE /* ErrorView.swift in Sources */ = {isa = PBXBuildFile; fileRef = 9ECE4C802B2BB1090048B4EE /* ErrorView.swift */; };
/* End PBXBuildFile section */

/* Begin PBXFileReference section */
		9ECE4C432B2813F10048B4EE /* Scrumdinger.app */ = {isa = PBXFileReference; explicitFileType = wrapper.application; includeInIndex = 0; path = Scrumdinger.app; sourceTree = BUILT_PRODUCTS_DIR; };
		9ECE4C462B2813F10048B4EE /* ScrumdingerApp.swift */ = {isa = PBXFileReference; lastKnownFileType = sourcecode.swift; path = ScrumdingerApp.swift; sourceTree = "<group>"; };
		9ECE4C482B2813F10048B4EE /* MeetingView.swift */ = {isa = PBXFileReference; lastKnownFileType = sourcecode.swift; path = MeetingView.swift; sourceTree = "<group>"; };
		9ECE4C4A2B2813F20048B4EE /* Assets.xcassets */ = {isa = PBXFileReference; lastKnownFileType = folder.assetcatalog; path = Assets.xcassets; sourceTree = "<group>"; };
		9ECE4C4D2B2813F20048B4EE /* Preview Assets.xcassets */ = {isa = PBXFileReference; lastKnownFileType = folder.assetcatalog; path = "Preview Assets.xcassets"; sourceTree = "<group>"; };
		9ECE4C552B29126E0048B4EE /* Theme.swift */ = {isa = PBXFileReference; lastKnownFileType = sourcecode.swift; path = Theme.swift; sourceTree = "<group>"; };
		9ECE4C572B29178C0048B4EE /* DailyScrum.swift */ = {isa = PBXFileReference; lastKnownFileType = sourcecode.swift; path = DailyScrum.swift; sourceTree = "<group>"; };
		9ECE4C592B2918740048B4EE /* CardView.swift */ = {isa = PBXFileReference; lastKnownFileType = sourcecode.swift; path = CardView.swift; sourceTree = "<group>"; };
		9ECE4C5B2B29341A0048B4EE /* TrailingIconLabelStyle.swift */ = {isa = PBXFileReference; lastKnownFileType = sourcecode.swift; path = TrailingIconLabelStyle.swift; sourceTree = "<group>"; };
		9ECE4C5E2B2935890048B4EE /* ScrumsView.swift */ = {isa = PBXFileReference; lastKnownFileType = sourcecode.swift; path = ScrumsView.swift; sourceTree = "<group>"; };
		9ECE4C602B2938D20048B4EE /* DetailView.swift */ = {isa = PBXFileReference; lastKnownFileType = sourcecode.swift; path = DetailView.swift; sourceTree = "<group>"; };
		9ECE4C632B293F270048B4EE /* DetailEditView.swift */ = {isa = PBXFileReference; lastKnownFileType = sourcecode.swift; path = DetailEditView.swift; sourceTree = "<group>"; };
		9ECE4C652B2946530048B4EE /* ReadMe.md */ = {isa = PBXFileReference; lastKnownFileType = net.daringfireball.markdown; path = ReadMe.md; sourceTree = "<group>"; };
		9ECE4C672B2946DA0048B4EE /* ThemeView.swift */ = {isa = PBXFileReference; lastKnownFileType = sourcecode.swift; path = ThemeView.swift; sourceTree = "<group>"; };
		9ECE4C692B29477C0048B4EE /* ThemePicker.swift */ = {isa = PBXFileReference; lastKnownFileType = sourcecode.swift; path = ThemePicker.swift; sourceTree = "<group>"; };
		9ECE4C6B2B2B84040048B4EE /* MeetingHeaderView.swift */ = {isa = PBXFileReference; lastKnownFileType = sourcecode.swift; path = MeetingHeaderView.swift; sourceTree = "<group>"; };
		9ECE4C6D2B2B85B20048B4EE /* ScrumProgressViewStyle.swift */ = {isa = PBXFileReference; fileEncoding = 4; lastKnownFileType = sourcecode.swift; path = ScrumProgressViewStyle.swift; sourceTree = "<group>"; };
		9ECE4C6F2B2B86B20048B4EE /* ScrumTimer.swift */ = {isa = PBXFileReference; fileEncoding = 4; lastKnownFileType = sourcecode.swift; name = ScrumTimer.swift; path = ../../../../../Downloads/PersistingData/Complete/Scrumdinger/Models/ScrumTimer.swift; sourceTree = "<group>"; };
		9ECE4C712B2B8CDB0048B4EE /* MeetingFooterView.swift */ = {isa = PBXFileReference; lastKnownFileType = sourcecode.swift; path = MeetingFooterView.swift; sourceTree = "<group>"; };
		9ECE4C732B2B8EE60048B4EE /* AVPlayer+Ding.swift */ = {isa = PBXFileReference; fileEncoding = 4; lastKnownFileType = sourcecode.swift; name = "AVPlayer+Ding.swift"; path = "../../../../../Downloads/PersistingData/Complete/Scrumdinger/Models/AVPlayer+Ding.swift"; sourceTree = "<group>"; };
		9ECE4C752B2B95FF0048B4EE /* NewScrumSheet.swift */ = {isa = PBXFileReference; lastKnownFileType = sourcecode.swift; path = NewScrumSheet.swift; sourceTree = "<group>"; };
		9ECE4C782B2B97B60048B4EE /* History.swift */ = {isa = PBXFileReference; lastKnownFileType = sourcecode.swift; path = History.swift; sourceTree = "<group>"; };
		9ECE4C7C2B2BA85D0048B4EE /* ScrumStore.swift */ = {isa = PBXFileReference; lastKnownFileType = sourcecode.swift; path = ScrumStore.swift; sourceTree = "<group>"; };
		9ECE4C7E2B2BB0D80048B4EE /* ErrorWrapper.swift */ = {isa = PBXFileReference; lastKnownFileType = sourcecode.swift; path = ErrorWrapper.swift; sourceTree = "<group>"; };
		9ECE4C802B2BB1090048B4EE /* ErrorView.swift */ = {isa = PBXFileReference; lastKnownFileType = sourcecode.swift; path = ErrorView.swift; sourceTree = "<group>"; };
/* End PBXFileReference section */

/* Begin PBXFrameworksBuildPhase section */
		9ECE4C402B2813F10048B4EE /* Frameworks */ = {
			isa = PBXFrameworksBuildPhase;
			buildActionMask = 2147483647;
			files = (
			);
			runOnlyForDeploymentPostprocessing = 0;
		};
/* End PBXFrameworksBuildPhase section */

/* Begin PBXGroup section */
		9ECE4C3A2B2813F10048B4EE = {
			isa = PBXGroup;
			children = (
				9ECE4C652B2946530048B4EE /* ReadMe.md */,
				9ECE4C452B2813F10048B4EE /* Scrumdinger */,
				9ECE4C442B2813F10048B4EE /* Products */,
			);
			sourceTree = "<group>";
		};
		9ECE4C442B2813F10048B4EE /* Products */ = {
			isa = PBXGroup;
			children = (
				9ECE4C432B2813F10048B4EE /* Scrumdinger.app */,
			);
			name = Products;
			sourceTree = "<group>";
		};
		9ECE4C452B2813F10048B4EE /* Scrumdinger */ = {
			isa = PBXGroup;
			children = (
				9ECE4C5D2B2935620048B4EE /* Views */,
				9ECE4C542B2912610048B4EE /* Models */,
				9ECE4C462B2813F10048B4EE /* ScrumdingerApp.swift */,
				9ECE4C4A2B2813F20048B4EE /* Assets.xcassets */,
				9ECE4C4C2B2813F20048B4EE /* Preview Content */,
			);
			path = Scrumdinger;
			sourceTree = "<group>";
		};
		9ECE4C4C2B2813F20048B4EE /* Preview Content */ = {
			isa = PBXGroup;
			children = (
				9ECE4C4D2B2813F20048B4EE /* Preview Assets.xcassets */,
			);
			path = "Preview Content";
			sourceTree = "<group>";
		};
		9ECE4C542B2912610048B4EE /* Models */ = {
			isa = PBXGroup;
			children = (
				9ECE4C7E2B2BB0D80048B4EE /* ErrorWrapper.swift */,
				9ECE4C6F2B2B86B20048B4EE /* ScrumTimer.swift */,
				9ECE4C552B29126E0048B4EE /* Theme.swift */,
				9ECE4C732B2B8EE60048B4EE /* AVPlayer+Ding.swift */,
				9ECE4C572B29178C0048B4EE /* DailyScrum.swift */,
				9ECE4C782B2B97B60048B4EE /* History.swift */,
				9ECE4C7C2B2BA85D0048B4EE /* ScrumStore.swift */,
			);
			path = Models;
			sourceTree = "<group>";
		};
		9ECE4C5D2B2935620048B4EE /* Views */ = {
			isa = PBXGroup;
			children = (
				9ECE4C482B2813F10048B4EE /* MeetingView.swift */,
				9ECE4C592B2918740048B4EE /* CardView.swift */,
				9ECE4C5B2B29341A0048B4EE /* TrailingIconLabelStyle.swift */,
				9ECE4C5E2B2935890048B4EE /* ScrumsView.swift */,
				9ECE4C602B2938D20048B4EE /* DetailView.swift */,
				9ECE4C632B293F270048B4EE /* DetailEditView.swift */,
				9ECE4C6D2B2B85B20048B4EE /* ScrumProgressViewStyle.swift */,
				9ECE4C672B2946DA0048B4EE /* ThemeView.swift */,
				9ECE4C692B29477C0048B4EE /* ThemePicker.swift */,
				9ECE4C6B2B2B84040048B4EE /* MeetingHeaderView.swift */,
				9ECE4C712B2B8CDB0048B4EE /* MeetingFooterView.swift */,
				9ECE4C752B2B95FF0048B4EE /* NewScrumSheet.swift */,
				9ECE4C802B2BB1090048B4EE /* ErrorView.swift */,
			);
			path = Views;
			sourceTree = "<group>";
		};
/* End PBXGroup section */

/* Begin PBXNativeTarget section */
		9ECE4C422B2813F10048B4EE /* Scrumdinger */ = {
			isa = PBXNativeTarget;
			buildConfigurationList = 9ECE4C512B2813F20048B4EE /* Build configuration list for PBXNativeTarget "Scrumdinger" */;
			buildPhases = (
				9ECE4C3F2B2813F10048B4EE /* Sources */,
				9ECE4C402B2813F10048B4EE /* Frameworks */,
				9ECE4C412B2813F10048B4EE /* Resources */,
			);
			buildRules = (
			);
			dependencies = (
			);
			name = Scrumdinger;
			productName = Scrumdinger;
			productReference = 9ECE4C432B2813F10048B4EE /* Scrumdinger.app */;
			productType = "com.apple.product-type.application";
		};
/* End PBXNativeTarget section */

/* Begin PBXProject section */
		9ECE4C3B2B2813F10048B4EE /* Project object */ = {
			isa = PBXProject;
			attributes = {
				BuildIndependentTargetsInParallel = 1;
				LastSwiftUpdateCheck = 1500;
				LastUpgradeCheck = 1500;
				TargetAttributes = {
					9ECE4C422B2813F10048B4EE = {
						CreatedOnToolsVersion = 15.0.1;
					};
				};
			};
			buildConfigurationList = 9ECE4C3E2B2813F10048B4EE /* Build configuration list for PBXProject "Scrumdinger" */;
			compatibilityVersion = "Xcode 14.0";
			developmentRegion = en;
			hasScannedForEncodings = 0;
			knownRegions = (
				en,
				Base,
			);
			mainGroup = 9ECE4C3A2B2813F10048B4EE;
			productRefGroup = 9ECE4C442B2813F10048B4EE /* Products */;
			projectDirPath = "";
			projectRoot = "";
			targets = (
				9ECE4C422B2813F10048B4EE /* Scrumdinger */,
			);
		};
/* End PBXProject section */

/* Begin PBXResourcesBuildPhase section */
		9ECE4C412B2813F10048B4EE /* Resources */ = {
			isa = PBXResourcesBuildPhase;
			buildActionMask = 2147483647;
			files = (
				9ECE4C4E2B2813F20048B4EE /* Preview Assets.xcassets in Resources */,
				9ECE4C4B2B2813F20048B4EE /* Assets.xcassets in Resources */,
				9ECE4C662B2946530048B4EE /* ReadMe.md in Resources */,
			);
			runOnlyForDeploymentPostprocessing = 0;
		};
/* End PBXResourcesBuildPhase section */

/* Begin PBXSourcesBuildPhase section */
		9ECE4C3F2B2813F10048B4EE /* Sources */ = {
			isa = PBXSourcesBuildPhase;
			buildActionMask = 2147483647;
			files = (
				9ECE4C792B2B97B60048B4EE /* History.swift in Sources */,
				9ECE4C6A2B29477C0048B4EE /* ThemePicker.swift in Sources */,
				9ECE4C6E2B2B85B20048B4EE /* ScrumProgressViewStyle.swift in Sources */,
				9ECE4C722B2B8CDB0048B4EE /* MeetingFooterView.swift in Sources */,
				9ECE4C812B2BB1090048B4EE /* ErrorView.swift in Sources */,
				9ECE4C702B2B86B20048B4EE /* ScrumTimer.swift in Sources */,
				9ECE4C582B29178C0048B4EE /* DailyScrum.swift in Sources */,
				9ECE4C7D2B2BA85D0048B4EE /* ScrumStore.swift in Sources */,
				9ECE4C612B2938D20048B4EE /* DetailView.swift in Sources */,
				9ECE4C7F2B2BB0D80048B4EE /* ErrorWrapper.swift in Sources */,
				9ECE4C6C2B2B84040048B4EE /* MeetingHeaderView.swift in Sources */,
				9ECE4C642B293F270048B4EE /* DetailEditView.swift in Sources */,
				9ECE4C5C2B29341A0048B4EE /* TrailingIconLabelStyle.swift in Sources */,
				9ECE4C562B29126E0048B4EE /* Theme.swift in Sources */,
				9ECE4C5F2B2935890048B4EE /* ScrumsView.swift in Sources */,
				9ECE4C492B2813F10048B4EE /* MeetingView.swift in Sources */,
				9ECE4C472B2813F10048B4EE /* ScrumdingerApp.swift in Sources */,
				9ECE4C762B2B95FF0048B4EE /* NewScrumSheet.swift in Sources */,
				9ECE4C682B2946DA0048B4EE /* ThemeView.swift in Sources */,
				9ECE4C5A2B2918740048B4EE /* CardView.swift in Sources */,
				9ECE4C742B2B8EE60048B4EE /* AVPlayer+Ding.swift in Sources */,
			);
			runOnlyForDeploymentPostprocessing = 0;
		};
/* End PBXSourcesBuildPhase section */

/* Begin XCBuildConfiguration section */
		9ECE4C4F2B2813F20048B4EE /* Debug */ = {
			isa = XCBuildConfiguration;
			buildSettings = {
				ALWAYS_SEARCH_USER_PATHS = NO;
				ASSETCATALOG_COMPILER_GENERATE_SWIFT_ASSET_SYMBOL_EXTENSIONS = YES;
				CLANG_ANALYZER_NONNULL = YES;
				CLANG_ANALYZER_NUMBER_OBJECT_CONVERSION = YES_AGGRESSIVE;
				CLANG_CXX_LANGUAGE_STANDARD = "gnu++20";
				CLANG_ENABLE_MODULES = YES;
				CLANG_ENABLE_OBJC_ARC = YES;
				CLANG_ENABLE_OBJC_WEAK = YES;
				CLANG_WARN_BLOCK_CAPTURE_AUTORELEASING = YES;
				CLANG_WARN_BOOL_CONVERSION = YES;
				CLANG_WARN_COMMA = YES;
				CLANG_WARN_CONSTANT_CONVERSION = YES;
				CLANG_WARN_DEPRECATED_OBJC_IMPLEMENTATIONS = YES;
				CLANG_WARN_DIRECT_OBJC_ISA_USAGE = YES_ERROR;
				CLANG_WARN_DOCUMENTATION_COMMENTS = YES;
				CLANG_WARN_EMPTY_BODY = YES;
				CLANG_WARN_ENUM_CONVERSION = YES;
				CLANG_WARN_INFINITE_RECURSION = YES;
				CLANG_WARN_INT_CONVERSION = YES;
				CLANG_WARN_NON_LITERAL_NULL_CONVERSION = YES;
				CLANG_WARN_OBJC_IMPLICIT_RETAIN_SELF = YES;
				CLANG_WARN_OBJC_LITERAL_CONVERSION = YES;
				CLANG_WARN_OBJC_ROOT_CLASS = YES_ERROR;
				CLANG_WARN_QUOTED_INCLUDE_IN_FRAMEWORK_HEADER = YES;
				CLANG_WARN_RANGE_LOOP_ANALYSIS = YES;
				CLANG_WARN_STRICT_PROTOTYPES = YES;
				CLANG_WARN_SUSPICIOUS_MOVE = YES;
				CLANG_WARN_UNGUARDED_AVAILABILITY = YES_AGGRESSIVE;
				CLANG_WARN_UNREACHABLE_CODE = YES;
				CLANG_WARN__DUPLICATE_METHOD_MATCH = YES;
				COPY_PHASE_STRIP = NO;
				DEBUG_INFORMATION_FORMAT = dwarf;
				ENABLE_STRICT_OBJC_MSGSEND = YES;
				ENABLE_TESTABILITY = YES;
				ENABLE_USER_SCRIPT_SANDBOXING = YES;
				GCC_C_LANGUAGE_STANDARD = gnu17;
				GCC_DYNAMIC_NO_PIC = NO;
				GCC_NO_COMMON_BLOCKS = YES;
				GCC_OPTIMIZATION_LEVEL = 0;
				GCC_PREPROCESSOR_DEFINITIONS = (
					"DEBUG=1",
					"$(inherited)",
				);
				GCC_WARN_64_TO_32_BIT_CONVERSION = YES;
				GCC_WARN_ABOUT_RETURN_TYPE = YES_ERROR;
				GCC_WARN_UNDECLARED_SELECTOR = YES;
				GCC_WARN_UNINITIALIZED_AUTOS = YES_AGGRESSIVE;
				GCC_WARN_UNUSED_FUNCTION = YES;
				GCC_WARN_UNUSED_VARIABLE = YES;
				IPHONEOS_DEPLOYMENT_TARGET = 17.0;
				LOCALIZATION_PREFERS_STRING_CATALOGS = YES;
				MTL_ENABLE_DEBUG_INFO = INCLUDE_SOURCE;
				MTL_FAST_MATH = YES;
				ONLY_ACTIVE_ARCH = YES;
				SDKROOT = iphoneos;
				SWIFT_ACTIVE_COMPILATION_CONDITIONS = "DEBUG $(inherited)";
				SWIFT_OPTIMIZATION_LEVEL = "-Onone";
			};
			name = Debug;
		};
		9ECE4C502B2813F20048B4EE /* Release */ = {
			isa = XCBuildConfiguration;
			buildSettings = {
				ALWAYS_SEARCH_USER_PATHS = NO;
				ASSETCATALOG_COMPILER_GENERATE_SWIFT_ASSET_SYMBOL_EXTENSIONS = YES;
				CLANG_ANALYZER_NONNULL = YES;
				CLANG_ANALYZER_NUMBER_OBJECT_CONVERSION = YES_AGGRESSIVE;
				CLANG_CXX_LANGUAGE_STANDARD = "gnu++20";
				CLANG_ENABLE_MODULES = YES;
				CLANG_ENABLE_OBJC_ARC = YES;
				CLANG_ENABLE_OBJC_WEAK = YES;
				CLANG_WARN_BLOCK_CAPTURE_AUTORELEASING = YES;
				CLANG_WARN_BOOL_CONVERSION = YES;
				CLANG_WARN_COMMA = YES;
				CLANG_WARN_CONSTANT_CONVERSION = YES;
				CLANG_WARN_DEPRECATED_OBJC_IMPLEMENTATIONS = YES;
				CLANG_WARN_DIRECT_OBJC_ISA_USAGE = YES_ERROR;
				CLANG_WARN_DOCUMENTATION_COMMENTS = YES;
				CLANG_WARN_EMPTY_BODY = YES;
				CLANG_WARN_ENUM_CONVERSION = YES;
				CLANG_WARN_INFINITE_RECURSION = YES;
				CLANG_WARN_INT_CONVERSION = YES;
				CLANG_WARN_NON_LITERAL_NULL_CONVERSION = YES;
				CLANG_WARN_OBJC_IMPLICIT_RETAIN_SELF = YES;
				CLANG_WARN_OBJC_LITERAL_CONVERSION = YES;
				CLANG_WARN_OBJC_ROOT_CLASS = YES_ERROR;
				CLANG_WARN_QUOTED_INCLUDE_IN_FRAMEWORK_HEADER = YES;
				CLANG_WARN_RANGE_LOOP_ANALYSIS = YES;
				CLANG_WARN_STRICT_PROTOTYPES = YES;
				CLANG_WARN_SUSPICIOUS_MOVE = YES;
				CLANG_WARN_UNGUARDED_AVAILABILITY = YES_AGGRESSIVE;
				CLANG_WARN_UNREACHABLE_CODE = YES;
				CLANG_WARN__DUPLICATE_METHOD_MATCH = YES;
				COPY_PHASE_STRIP = NO;
				DEBUG_INFORMATION_FORMAT = "dwarf-with-dsym";
				ENABLE_NS_ASSERTIONS = NO;
				ENABLE_STRICT_OBJC_MSGSEND = YES;
				ENABLE_USER_SCRIPT_SANDBOXING = YES;
				GCC_C_LANGUAGE_STANDARD = gnu17;
				GCC_NO_COMMON_BLOCKS = YES;
				GCC_WARN_64_TO_32_BIT_CONVERSION = YES;
				GCC_WARN_ABOUT_RETURN_TYPE = YES_ERROR;
				GCC_WARN_UNDECLARED_SELECTOR = YES;
				GCC_WARN_UNINITIALIZED_AUTOS = YES_AGGRESSIVE;
				GCC_WARN_UNUSED_FUNCTION = YES;
				GCC_WARN_UNUSED_VARIABLE = YES;
				IPHONEOS_DEPLOYMENT_TARGET = 17.0;
				LOCALIZATION_PREFERS_STRING_CATALOGS = YES;
				MTL_ENABLE_DEBUG_INFO = NO;
				MTL_FAST_MATH = YES;
				SDKROOT = iphoneos;
				SWIFT_COMPILATION_MODE = wholemodule;
				VALIDATE_PRODUCT = YES;
			};
			name = Release;
		};
		9ECE4C522B2813F20048B4EE /* Debug */ = {
			isa = XCBuildConfiguration;
			buildSettings = {
				ASSETCATALOG_COMPILER_APPICON_NAME = AppIcon;
				ASSETCATALOG_COMPILER_GLOBAL_ACCENT_COLOR_NAME = AccentColor;
				CODE_SIGN_STYLE = Automatic;
				CURRENT_PROJECT_VERSION = 1;
				DEVELOPMENT_ASSET_PATHS = "\"Scrumdinger/Preview Content\"";
				DEVELOPMENT_TEAM = 98HDZK9A4Z;
				ENABLE_PREVIEWS = YES;
				GENERATE_INFOPLIST_FILE = YES;
				INFOPLIST_KEY_UIApplicationSceneManifest_Generation = YES;
				INFOPLIST_KEY_UIApplicationSupportsIndirectInputEvents = YES;
				INFOPLIST_KEY_UILaunchScreen_Generation = YES;
				INFOPLIST_KEY_UISupportedInterfaceOrientations = "UIInterfaceOrientationLandscapeLeft UIInterfaceOrientationLandscapeRight UIInterfaceOrientationPortrait UIInterfaceOrientationPortraitUpsideDown";
				LD_RUNPATH_SEARCH_PATHS = (
					"$(inherited)",
					"@executable_path/Frameworks",
				);
				MARKETING_VERSION = 1.0;
				PRODUCT_BUNDLE_IDENTIFIER = bb.Scrumdinger;
				PRODUCT_NAME = "$(TARGET_NAME)";
				SWIFT_EMIT_LOC_STRINGS = YES;
				SWIFT_VERSION = 5.0;
				TARGETED_DEVICE_FAMILY = "1,2";
			};
			name = Debug;
		};
		9ECE4C532B2813F20048B4EE /* Release */ = {
			isa = XCBuildConfiguration;
			buildSettings = {
				ASSETCATALOG_COMPILER_APPICON_NAME = AppIcon;
				ASSETCATALOG_COMPILER_GLOBAL_ACCENT_COLOR_NAME = AccentColor;
				CODE_SIGN_STYLE = Automatic;
				CURRENT_PROJECT_VERSION = 1;
				DEVELOPMENT_ASSET_PATHS = "\"Scrumdinger/Preview Content\"";
				DEVELOPMENT_TEAM = 98HDZK9A4Z;
				ENABLE_PREVIEWS = YES;
				GENERATE_INFOPLIST_FILE = YES;
				INFOPLIST_KEY_UIApplicationSceneManifest_Generation = YES;
				INFOPLIST_KEY_UIApplicationSupportsIndirectInputEvents = YES;
				INFOPLIST_KEY_UILaunchScreen_Generation = YES;
				INFOPLIST_KEY_UISupportedInterfaceOrientations = "UIInterfaceOrientationLandscapeLeft UIInterfaceOrientationLandscapeRight UIInterfaceOrientationPortrait UIInterfaceOrientationPortraitUpsideDown";
				LD_RUNPATH_SEARCH_PATHS = (
					"$(inherited)",
					"@executable_path/Frameworks",
				);
				MARKETING_VERSION = 1.0;
				PRODUCT_BUNDLE_IDENTIFIER = bb.Scrumdinger;
				PRODUCT_NAME = "$(TARGET_NAME)";
				SWIFT_EMIT_LOC_STRINGS = YES;
				SWIFT_VERSION = 5.0;
				TARGETED_DEVICE_FAMILY = "1,2";
			};
			name = Release;
		};
/* End XCBuildConfiguration section */

/* Begin XCConfigurationList section */
		9ECE4C3E2B2813F10048B4EE /* Build configuration list for PBXProject "Scrumdinger" */ = {
			isa = XCConfigurationList;
			buildConfigurations = (
				9ECE4C4F2B2813F20048B4EE /* Debug */,
				9ECE4C502B2813F20048B4EE /* Release */,
			);
			defaultConfigurationIsVisible = 0;
			defaultConfigurationName = Release;
		};
		9ECE4C512B2813F20048B4EE /* Build configuration list for PBXNativeTarget "Scrumdinger" */ = {
			isa = XCConfigurationList;
			buildConfigurations = (
				9ECE4C522B2813F20048B4EE /* Debug */,
				9ECE4C532B2813F20048B4EE /* Release */,
			);
			defaultConfigurationIsVisible = 0;
			defaultConfigurationName = Release;
		};
/* End XCConfigurationList section */
	};
	rootObject = 9ECE4C3B2B2813F10048B4EE /* Project object */;
}
